- declare_count: 0
  deploy_account_count: 0
  deploy_count: 5
  hash: 0x047c3637b57c2b079b93c61539950c17e868a28f46cdef28f88521067f21e943
  height: 0
  id: 1
  invoke_count: 13
  l1_handler_count: 0
  new_root: 0x021870ba80540e7831fb21c591ee93481f5ae1bb71ff85a86ddd465be4eddee6
  parent_hash: 0x0000000000000000000000000000000000000000000000000000000000000000
  sequencer_address: ''
  status: 7
  storage_diff_count: 20
  time: '2021-11-16T13:24:08+00:00'
  tx_count: 18
  version: null
- declare_count: 0
  deploy_account_count: 0
  deploy_count: 2
  hash: 0x02a70fb03fe363a2d6be843343a1d81ce6abeda1e9bd5cc6ad8fa9f45e30fdeb
  height: 1
  id: 2
  invoke_count: 6
  l1_handler_count: 0
  new_root: 0x0525aed4da9cc6cce2de31ba79059546b0828903279e4eaa38768de33e2cac32
  parent_hash: 0x047c3637b57c2b079b93c61539950c17e868a28f46cdef28f88521067f21e943
  sequencer_address: ''
  status: 7
  storage_diff_count: 10
  time: '2021-11-16T14:24:55+00:00'
  tx_count: 8
  version: null
- declare_count: 0
  deploy_account_count: 0
  deploy_count: 4
  hash: 0x04e1f77f39545afe866ac151ac908bd1a347a2a8a7d58bef1276db4f06fdf2f6
  height: 2
  id: 3
  invoke_count: 2
  l1_handler_count: 0
  new_root: 0x03ceee867d50b5926bb88c0ec7e0b9c20ae6b537e74aac44b8fcf6bb6da138d9
  parent_hash: 0x02a70fb03fe363a2d6be843343a1d81ce6abeda1e9bd5cc6ad8fa9f45e30fdeb
  sequencer_address: ''
  status: 7
  storage_diff_count: 4
  time: '2021-11-16T17:41:10+00:00'
  tx_count: 6
  version: null
- declare_count: 0
  deploy_account_count: 0
  deploy_count: 7
  hash: 0x03dc0a914e03f075189841f7e41ffcac0ec2c6d6b06c22def89149a51de39a74
  height: 3
  id: 4
  invoke_count: 30
  l1_handler_count: 0
  new_root: 0x079ea08287216dfa50b84fecf4bc4f0cb06e7f4ce2e5856edc44f8f30b546aea
  parent_hash: 0x04e1f77f39545afe866ac151ac908bd1a347a2a8a7d58bef1276db4f06fdf2f6
  sequencer_address: ''
  status: 7
  storage_diff_count: 34
  time: '2021-11-16T19:41:23+00:00'
  tx_count: 37
  version: null
- declare_count: 0
  deploy_account_count: 0
  deploy_count: 3
  hash: 0x02ab4d8425b4c8ddb5ee208869a86251c24808c22d0e3a8c1374c6451e4d5848
  height: 4
  id: 5
  invoke_count: 25
  l1_handler_count: 0
  new_root: 0x04022ea14e3dc97a9ca020854158d455e8ef05b0bbaf6dc2aa95f1419ebd3eb7
  parent_hash: 0x03dc0a914e03f075189841f7e41ffcac0ec2c6d6b06c22def89149a51de39a74
  sequencer_address: ''
  status: 7
  storage_diff_count: 33
  time: '2021-11-17T00:00:24+00:00'
  tx_count: 28
  version: null
- declare_count: 0
  deploy_account_count: 0
  deploy_count: 1
  hash: 0x00dcbd2a4b597d051073f40a0329e585bb94b26d73df69f8d72798924fd097d3
  height: 5
  id: 6
  invoke_count: 12
  l1_handler_count: 0
  new_root: 0x01193b6c3644ad4a0ed20155f75d09823249c3bb160506b6c823bda09f1af17d
  parent_hash: 0x02ab4d8425b4c8ddb5ee208869a86251c24808c22d0e3a8c1374c6451e4d5848
  sequencer_address: ''
  status: 7
  storage_diff_count: 17
  time: '2021-11-17T02:01:02+00:00'
  tx_count: 13
  version: null
- declare_count: 0
  deploy_account_count: 0
  deploy_count: 0
  hash: 0x0680d9d26db71a48cfe2bc2a4754687bfa0849b8fcc90b58294eb84ce223f899
  height: 6
  id: 7
  invoke_count: 14
  l1_handler_count: 0
  new_root: 0x0418a91f8699ee56b42cf051d92a68636fc0f54e41ce82e074c3040afb941813
  parent_hash: 0x00dcbd2a4b597d051073f40a0329e585bb94b26d73df69f8d72798924fd097d3
  sequencer_address: ''
  status: 7
  storage_diff_count: 10
  time: '2021-11-17T04:01:12+00:00'
  tx_count: 14
  version: null
- declare_count: 0
  deploy_account_count: 0
  deploy_count: 2
  hash: 0x0204dd82ca1f7b7a8e93db388599bfccc343adf0b15f6165e9787c74000bc28e
  height: 7
  id: 8
  invoke_count: 10
  l1_handler_count: 0
  new_root: 0x02b69f174079da7006ff218d165f828b87f09f60b3e2b24b7714730ab6463c90
  parent_hash: 0x0680d9d26db71a48cfe2bc2a4754687bfa0849b8fcc90b58294eb84ce223f899
  sequencer_address: ''
  status: 7
  storage_diff_count: 15
  time: '2021-11-17T06:01:44+00:00'
  tx_count: 12
  version: null
- declare_count: 0
  deploy_account_count: 0
  deploy_count: 5
  hash: 0x07644422a0e4974388bade973906fb2e87b5ff573f7198a788a6f9cbe68421ee
  height: 8
  id: 9
  invoke_count: 9
  l1_handler_count: 0
  new_root: 0x0100cf1a7c7a948b0d653ad67fe4bf8eff2bbb0fb06fb50e1f89da6800dac6fe
  parent_hash: 0x0204dd82ca1f7b7a8e93db388599bfccc343adf0b15f6165e9787c74000bc28e
  sequencer_address: ''
  status: 7
  storage_diff_count: 17
  time: '2021-11-17T08:02:00+00:00'
  tx_count: 14
  version: null
- declare_count: 0
  deploy_account_count: 0
  deploy_count: 0
  hash: 0x031e5a5851e1a492827ba33180acb98263d1ace0f46fd4000bd4216d2119d480
  height: 9
  id: 10
  invoke_count: 12
  l1_handler_count: 0
  new_root: 0x027e6e1b37a9af4fd44b42752be35ec6c6ee43734342002c1151a403cc6e867f
  parent_hash: 0x07644422a0e4974388bade973906fb2e87b5ff573f7198a788a6f9cbe68421ee
  sequencer_address: ''
  status: 7
  storage_diff_count: 8
  time: '2021-11-17T10:02:29+00:00'
  tx_count: 12
  version: null